
Microsoft Visual Studio Solution File, Format Version 12.00
# Visual Studio Version 16
VisualStudioVersion = 25.0.1705.6
MinimumVisualStudioVersion = 10.0.40219.1
Project("{FAE04EC0-301F-11D3-BF4B-00C04F79EFBC}") = "Phoneword.Android", "Phoneword\Phoneword.Android\Phoneword.Android.csproj", "{928F902E-B5C8-49FC-B803-29C8A3D4319E}"
EndProject
Project("{FAE04EC0-301F-11D3-BF4B-00C04F79EFBC}") = "Phoneword.iOS", "Phoneword\Phoneword.iOS\Phoneword.iOS.csproj", "{43799F6F-899E-4C77-B43D-AB7AB58531FD}"
EndProject
Project("{FAE04EC0-301F-11D3-BF4B-00C04F79EFBC}") = "Phoneword", "Phoneword\Phoneword\Phoneword.csproj", "{BFDDDDFD-661B-4D4D-9A86-3D397793E2B0}"
EndProject
Global
	GlobalSection(SolutionConfigurationPlatforms) = preSolution
		Debug|Any CPU = Debug|Any CPU
		Release|Any CPU = Release|Any CPU
		Debug|iPhoneSimulator = Debug|iPhoneSimulator
		Release|iPhoneSimulator = Release|iPhoneSimulator
		Debug|iPhone = Debug|iPhone
		Release|iPhone = Release|iPhone
	EndGlobalSection
	GlobalSection(ProjectConfigurationPlatforms) = postSolution
		{928F902E-B5C8-49FC-B803-29C8A3D4319E}.Debug|Any CPU.ActiveCfg = Debug|Any CPU
		{928F902E-B5C8-49FC-B803-29C8A3D4319E}.Debug|Any CPU.Build.0 = Debug|Any CPU
		{928F902E-B5C8-49FC-B803-29C8A3D4319E}.Release|Any CPU.ActiveCfg = Release|Any CPU
		{928F902E-B5C8-49FC-B803-29C8A3D4319E}.Release|Any CPU.Build.0 = Release|Any CPU
		{928F902E-B5C8-49FC-B803-29C8A3D4319E}.Debug|iPhoneSimulator.ActiveCfg = Debug|Any CPU
		{928F902E-B5C8-49FC-B803-29C8A3D4319E}.Debug|iPhoneSimulator.Build.0 = Debug|Any CPU
		{928F902E-B5C8-49FC-B803-29C8A3D4319E}.Release|iPhoneSimulator.ActiveCfg = Release|Any CPU
		{928F902E-B5C8-49FC-B803-29C8A3D4319E}.Release|iPhoneSimulator.Build.0 = Release|Any CPU
		{928F902E-B5C8-49FC-B803-29C8A3D4319E}.Debug|iPhone.ActiveCfg = Debug|Any CPU
		{928F902E-B5C8-49FC-B803-29C8A3D4319E}.Debug|iPhone.Build.0 = Debug|Any CPU
		{928F902E-B5C8-49FC-B803-29C8A3D4319E}.Release|iPhone.ActiveCfg = Release|Any CPU
		{928F902E-B5C8-49FC-B803-29C8A3D4319E}.Release|iPhone.Build.0 = Release|Any CPU
		{43799F6F-899E-4C77-B43D-AB7AB58531FD}.Debug|Any CPU.ActiveCfg = Debug|iPhoneSimulator
		{43799F6F-899E-4C77-B43D-AB7AB58531FD}.Debug|Any CPU.Build.0 = Debug|iPhoneSimulator
		{43799F6F-899E-4C77-B43D-AB7AB58531FD}.Release|Any CPU.ActiveCfg = Release|iPhoneSimulator
		{43799F6F-899E-4C77-B43D-AB7AB58531FD}.Release|Any CPU.Build.0 = Release|iPhoneSimulator
		{43799F6F-899E-4C77-B43D-AB7AB58531FD}.Debug|iPhoneSimulator.ActiveCfg = Debug|iPhoneSimulator
		{43799F6F-899E-4C77-B43D-AB7AB58531FD}.Debug|iPhoneSimulator.Build.0 = Debug|iPhoneSimulator
		{43799F6F-899E-4C77-B43D-AB7AB58531FD}.Release|iPhoneSimulator.ActiveCfg = Release|iPhoneSimulator
		{43799F6F-899E-4C77-B43D-AB7AB58531FD}.Release|iPhoneSimulator.Build.0 = Release|iPhoneSimulator
		{43799F6F-899E-4C77-B43D-AB7AB58531FD}.Debug|iPhone.ActiveCfg = Debug|iPhone
		{43799F6F-899E-4C77-B43D-AB7AB58531FD}.Debug|iPhone.Build.0 = Debug|iPhone
		{43799F6F-899E-4C77-B43D-AB7AB58531FD}.Release|iPhone.ActiveCfg = Release|iPhone
		{43799F6F-899E-4C77-B43D-AB7AB58531FD}.Release|iPhone.Build.0 = Release|iPhone
		{BFDDDDFD-661B-4D4D-9A86-3D397793E2B0}.Debug|Any CPU.ActiveCfg = Debug|Any CPU
		{BFDDDDFD-661B-4D4D-9A86-3D397793E2B0}.Debug|Any CPU.Build.0 = Debug|Any CPU
		{BFDDDDFD-661B-4D4D-9A86-3D397793E2B0}.Release|Any CPU.ActiveCfg = Release|Any CPU
		{BFDDDDFD-661B-4D4D-9A86-3D397793E2B0}.Release|Any CPU.Build.0 = Release|Any CPU
		{BFDDDDFD-661B-4D4D-9A86-3D397793E2B0}.Debug|iPhoneSimulator.ActiveCfg = Debug|Any CPU
		{BFDDDDFD-661B-4D4D-9A86-3D397793E2B0}.Debug|iPhoneSimulator.Build.0 = Debug|Any CPU
		{BFDDDDFD-661B-4D4D-9A86-3D397793E2B0}.Release|iPhoneSimulator.ActiveCfg = Release|Any CPU
		{BFDDDDFD-661B-4D4D-9A86-3D397793E2B0}.Release|iPhoneSimulator.Build.0 = Release|Any CPU
		{BFDDDDFD-661B-4D4D-9A86-3D397793E2B0}.Debug|iPhone.ActiveCfg = Debug|Any CPU
		{BFDDDDFD-661B-4D4D-9A86-3D397793E2B0}.Debug|iPhone.Build.0 = Debug|Any CPU
		{BFDDDDFD-661B-4D4D-9A86-3D397793E2B0}.Release|iPhone.ActiveCfg = Release|Any CPU
		{BFDDDDFD-661B-4D4D-9A86-3D397793E2B0}.Release|iPhone.Build.0 = Release|Any CPU
	EndGlobalSection
	GlobalSection(SolutionProperties) = preSolution
		HideSolutionNode = FALSE
	EndGlobalSection
	GlobalSection(ExtensibilityGlobals) = postSolution
		SolutionGuid = {1EC2930A-9DBE-4C63-A396-FDFAE0DAA13A}
	EndGlobalSection
EndGlobal
